
Microsoft Visual Studio Solution File, Format Version 12.00
# Visual Studio Version 16
VisualStudioVersion = 16.0.30523.141
MinimumVisualStudioVersion = 10.0.40219.1
Project("{9A19103F-16F7-4668-BE54-9A1E7A4F7556}") = "FakeDataGenerator.Server", "Server\FakeDataGenerator.Server.csproj", "{EE69479A-3005-4F5C-9359-FF0D37318935}"
EndProject
Project("{9A19103F-16F7-4668-BE54-9A1E7A4F7556}") = "FakeDataGenerator.Client", "Client\FakeDataGenerator.Client.csproj", "{B0810791-D18A-490C-A93A-066B95A1C11C}"
EndProject
Project("{9A19103F-16F7-4668-BE54-9A1E7A4F7556}") = "FakeDataGenerator.Shared", "Shared\FakeDataGenerator.Shared.csproj", "{5675EEFF-3CCF-46CA-91B2-9A84825397E5}"
EndProject
Global
	GlobalSection(SolutionConfigurationPlatforms) = preSolution
		Debug|Any CPU = Debug|Any CPU
		Release|Any CPU = Release|Any CPU
	EndGlobalSection
	GlobalSection(ProjectConfigurationPlatforms) = postSolution
		{EE69479A-3005-4F5C-9359-FF0D37318935}.Debug|Any CPU.ActiveCfg = Debug|Any CPU
		{EE69479A-3005-4F5C-9359-FF0D37318935}.Debug|Any CPU.Build.0 = Debug|Any CPU
		{EE69479A-3005-4F5C-9359-FF0D37318935}.Release|Any CPU.ActiveCfg = Release|Any CPU
		{EE69479A-3005-4F5C-9359-FF0D37318935}.Release|Any CPU.Build.0 = Release|Any CPU
		{B0810791-D18A-490C-A93A-066B95A1C11C}.Debug|Any CPU.ActiveCfg = Debug|Any CPU
		{B0810791-D18A-490C-A93A-066B95A1C11C}.Debug|Any CPU.Build.0 = Debug|Any CPU
		{B0810791-D18A-490C-A93A-066B95A1C11C}.Release|Any CPU.ActiveCfg = Release|Any CPU
		{B0810791-D18A-490C-A93A-066B95A1C11C}.Release|Any CPU.Build.0 = Release|Any CPU
		{5675EEFF-3CCF-46CA-91B2-9A84825397E5}.Debug|Any CPU.ActiveCfg = Debug|Any CPU
		{5675EEFF-3CCF-46CA-91B2-9A84825397E5}.Debug|Any CPU.Build.0 = Debug|Any CPU
		{5675EEFF-3CCF-46CA-91B2-9A84825397E5}.Release|Any CPU.ActiveCfg = Release|Any CPU
		{5675EEFF-3CCF-46CA-91B2-9A84825397E5}.Release|Any CPU.Build.0 = Release|Any CPU
	EndGlobalSection
	GlobalSection(SolutionProperties) = preSolution
		HideSolutionNode = FALSE
	EndGlobalSection
	GlobalSection(ExtensibilityGlobals) = postSolution
		SolutionGuid = {6E8F89E3-24B5-43EF-9F3E-A0C8FEAF6A10}
	EndGlobalSection
EndGlobal
